github.com/ajayshinde007/golang_dog v0.0.0-20241215142532-9559fc1f9af8 h1:QzEhziqQy/4e80aqlUNVKkkTJd4XTqCw7AoJ6l6X3HM=
github.com/ajayshinde007/golang_dog v0.0.0-20241215142532-9559fc1f9af8/go.mod h1:+G/K7urNU3GLiC8OfsfJJU3KKOZFQqupCIgdpWodEWs=
github.com/ajayshinde007/golang_puppy v0.0.0-20241215185832-28217b4865f7 h1:Kg2/XrptuNYKEr0Xx0M+f0m9UvmtnKDSAZ9UohYH+js=
github.com/ajayshinde007/golang_puppy v0.0.0-20241215185832-28217b4865f7/go.mod h1:YD+LsuqGUArZh93Boe8QWrq9QoUCn5mMnX5vrWxvEos=
